
Microsoft Visual Studio Solution File, Format Version 12.00
# Visual Studio Version 17
VisualStudioVersion = 17.12.35506.116
MinimumVisualStudioVersion = 10.0.40219.1
Project("{FAE04EC0-301F-11D3-BF4B-00C04F79EFBC}") = "DeveloperTools", "src\DeveloperTools\DeveloperTools.csproj", "{315EE372-5171-44AE-8750-FF93B1466C7A}"
EndProject
Project("{FAE04EC0-301F-11D3-BF4B-00C04F79EFBC}") = "DeveloperTools.Tests", "tests\DeveloperTools.Tests\DeveloperTools.Tests.csproj", "{949893CC-4E7F-46CB-8805-98B3E99121F8}"
EndProject
Global
	GlobalSection(SolutionConfigurationPlatforms) = preSolution
		Debug|Any CPU = Debug|Any CPU
		Debug|x64 = Debug|x64
		Debug|x86 = Debug|x86
		Release|Any CPU = Release|Any CPU
		Release|x64 = Release|x64
		Release|x86 = Release|x86
	EndGlobalSection
	GlobalSection(ProjectConfigurationPlatforms) = postSolution
		{315EE372-5171-44AE-8750-FF93B1466C7A}.Debug|Any CPU.ActiveCfg = Debug|Any CPU
		{315EE372-5171-44AE-8750-FF93B1466C7A}.Debug|Any CPU.Build.0 = Debug|Any CPU
		{315EE372-5171-44AE-8750-FF93B1466C7A}.Debug|x64.ActiveCfg = Debug|Any CPU
		{315EE372-5171-44AE-8750-FF93B1466C7A}.Debug|x64.Build.0 = Debug|Any CPU
		{315EE372-5171-44AE-8750-FF93B1466C7A}.Debug|x86.ActiveCfg = Debug|Any CPU
		{315EE372-5171-44AE-8750-FF93B1466C7A}.Debug|x86.Build.0 = Debug|Any CPU
		{315EE372-5171-44AE-8750-FF93B1466C7A}.Release|Any CPU.ActiveCfg = Release|Any CPU
		{315EE372-5171-44AE-8750-FF93B1466C7A}.Release|Any CPU.Build.0 = Release|Any CPU
		{315EE372-5171-44AE-8750-FF93B1466C7A}.Release|x64.ActiveCfg = Release|Any CPU
		{315EE372-5171-44AE-8750-FF93B1466C7A}.Release|x64.Build.0 = Release|Any CPU
		{315EE372-5171-44AE-8750-FF93B1466C7A}.Release|x86.ActiveCfg = Release|Any CPU
		{315EE372-5171-44AE-8750-FF93B1466C7A}.Release|x86.Build.0 = Release|Any CPU
		{949893CC-4E7F-46CB-8805-98B3E99121F8}.Debug|Any CPU.ActiveCfg = Debug|Any CPU
		{949893CC-4E7F-46CB-8805-98B3E99121F8}.Debug|Any CPU.Build.0 = Debug|Any CPU
		{949893CC-4E7F-46CB-8805-98B3E99121F8}.Debug|x64.ActiveCfg = Debug|Any CPU
		{949893CC-4E7F-46CB-8805-98B3E99121F8}.Debug|x64.Build.0 = Debug|Any CPU
		{949893CC-4E7F-46CB-8805-98B3E99121F8}.Debug|x86.ActiveCfg = Debug|Any CPU
		{949893CC-4E7F-46CB-8805-98B3E99121F8}.Debug|x86.Build.0 = Debug|Any CPU
		{949893CC-4E7F-46CB-8805-98B3E99121F8}.Release|Any CPU.ActiveCfg = Release|Any CPU
		{949893CC-4E7F-46CB-8805-98B3E99121F8}.Release|Any CPU.Build.0 = Release|Any CPU
		{949893CC-4E7F-46CB-8805-98B3E99121F8}.Release|x64.ActiveCfg = Release|Any CPU
		{949893CC-4E7F-46CB-8805-98B3E99121F8}.Release|x64.Build.0 = Release|Any CPU
		{949893CC-4E7F-46CB-8805-98B3E99121F8}.Release|x86.ActiveCfg = Release|Any CPU
		{949893CC-4E7F-46CB-8805-98B3E99121F8}.Release|x86.Build.0 = Release|Any CPU
	EndGlobalSection
	GlobalSection(SolutionProperties) = preSolution
		HideSolutionNode = FALSE
	EndGlobalSection
EndGlobal
